
Microsoft Visual Studio Solution File, Format Version 12.00
# Visual Studio 2013
VisualStudioVersion = 12.0.21005.1
MinimumVisualStudioVersion = 10.0.40219.1
Project("{CC5FD16D-436D-48AD-A40C-5A424C6E3E79}") = "AzureWorkerNancySample", "AzureWorkerNancySample\AzureWorkerNancySample.ccproj", "{1044649B-5EC1-4FC5-9967-4290B5DE21AE}"
EndProject
Project("{FAE04EC0-301F-11D3-BF4B-00C04F79EFBC}") = "AzureWorkerNancySample.WorkerRole", "AzureWorkerNancySample.WorkerRole\AzureWorkerNancySample.WorkerRole.csproj", "{A315B1EE-8EDF-4525-B5AF-AEE547FF02D4}"
EndProject
Global
	GlobalSection(SolutionConfigurationPlatforms) = preSolution
		Debug|Any CPU = Debug|Any CPU
		Release|Any CPU = Release|Any CPU
	EndGlobalSection
	GlobalSection(ProjectConfigurationPlatforms) = postSolution
		{1044649B-5EC1-4FC5-9967-4290B5DE21AE}.Debug|Any CPU.ActiveCfg = Debug|Any CPU
		{1044649B-5EC1-4FC5-9967-4290B5DE21AE}.Debug|Any CPU.Build.0 = Debug|Any CPU
		{1044649B-5EC1-4FC5-9967-4290B5DE21AE}.Release|Any CPU.ActiveCfg = Release|Any CPU
		{1044649B-5EC1-4FC5-9967-4290B5DE21AE}.Release|Any CPU.Build.0 = Release|Any CPU
		{A315B1EE-8EDF-4525-B5AF-AEE547FF02D4}.Debug|Any CPU.ActiveCfg = Debug|Any CPU
		{A315B1EE-8EDF-4525-B5AF-AEE547FF02D4}.Debug|Any CPU.Build.0 = Debug|Any CPU
		{A315B1EE-8EDF-4525-B5AF-AEE547FF02D4}.Release|Any CPU.ActiveCfg = Release|Any CPU
		{A315B1EE-8EDF-4525-B5AF-AEE547FF02D4}.Release|Any CPU.Build.0 = Release|Any CPU
	EndGlobalSection
	GlobalSection(SolutionProperties) = preSolution
		HideSolutionNode = FALSE
	EndGlobalSection
EndGlobal
